
Microsoft Visual Studio Solution File, Format Version 12.00
# Visual Studio Version 17
VisualStudioVersion = 17.8.34525.116
MinimumVisualStudioVersion = 10.0.40219.1
Project("{FAE04EC0-301F-11D3-BF4B-00C04F79EFBC}") = "test class", "test class\test class.csproj", "{B71C44A8-0900-48B5-9904-69AA985CE2A3}"
EndProject
Project("{FAE04EC0-301F-11D3-BF4B-00C04F79EFBC}") = "triangle test", "triangle test\triangle test.csproj", "{8A7F2329-784E-4A50-856E-60825578D6E4}"
EndProject
Global
	GlobalSection(SolutionConfigurationPlatforms) = preSolution
		Debug|Any CPU = Debug|Any CPU
		Release|Any CPU = Release|Any CPU
	EndGlobalSection
	GlobalSection(ProjectConfigurationPlatforms) = postSolution
		{B71C44A8-0900-48B5-9904-69AA985CE2A3}.Debug|Any CPU.ActiveCfg = Debug|Any CPU
		{B71C44A8-0900-48B5-9904-69AA985CE2A3}.Debug|Any CPU.Build.0 = Debug|Any CPU
		{B71C44A8-0900-48B5-9904-69AA985CE2A3}.Release|Any CPU.ActiveCfg = Release|Any CPU
		{B71C44A8-0900-48B5-9904-69AA985CE2A3}.Release|Any CPU.Build.0 = Release|Any CPU
		{8A7F2329-784E-4A50-856E-60825578D6E4}.Debug|Any CPU.ActiveCfg = Debug|Any CPU
		{8A7F2329-784E-4A50-856E-60825578D6E4}.Debug|Any CPU.Build.0 = Debug|Any CPU
		{8A7F2329-784E-4A50-856E-60825578D6E4}.Release|Any CPU.ActiveCfg = Release|Any CPU
		{8A7F2329-784E-4A50-856E-60825578D6E4}.Release|Any CPU.Build.0 = Release|Any CPU
	EndGlobalSection
	GlobalSection(SolutionProperties) = preSolution
		HideSolutionNode = FALSE
	EndGlobalSection
	GlobalSection(ExtensibilityGlobals) = postSolution
		SolutionGuid = {0A0FA8EC-68FE-4A29-B4CE-160710FFE1C6}
	EndGlobalSection
EndGlobal
